
Microsoft Visual Studio Solution File, Format Version 12.00
# Visual Studio 15
VisualStudioVersion = 15.0.27428.2015
MinimumVisualStudioVersion = 10.0.40219.1
Project("{FAE04EC0-301F-11D3-BF4B-00C04F79EFBC}") = "SMTReport", "SMTReport\SMTReport.csproj", "{8C1FEE2A-5277-472A-BBF9-D0F5F408D21E}"
EndProject
Project("{FAE04EC0-301F-11D3-BF4B-00C04F79EFBC}") = "ModuleConnect", "..\ModuleConnect\ModuleConnect\ModuleConnect.csproj", "{4EBE00AF-A353-472F-AD13-BDECCCEE2CE6}"
EndProject
Global
	GlobalSection(SolutionConfigurationPlatforms) = preSolution
		Debug|Any CPU = Debug|Any CPU
		Release|Any CPU = Release|Any CPU
	EndGlobalSection
	GlobalSection(ProjectConfigurationPlatforms) = postSolution
		{8C1FEE2A-5277-472A-BBF9-D0F5F408D21E}.Debug|Any CPU.ActiveCfg = Debug|Any CPU
		{8C1FEE2A-5277-472A-BBF9-D0F5F408D21E}.Debug|Any CPU.Build.0 = Debug|Any CPU
		{8C1FEE2A-5277-472A-BBF9-D0F5F408D21E}.Release|Any CPU.ActiveCfg = Release|Any CPU
		{8C1FEE2A-5277-472A-BBF9-D0F5F408D21E}.Release|Any CPU.Build.0 = Release|Any CPU
		{4EBE00AF-A353-472F-AD13-BDECCCEE2CE6}.Debug|Any CPU.ActiveCfg = Debug|Any CPU
		{4EBE00AF-A353-472F-AD13-BDECCCEE2CE6}.Debug|Any CPU.Build.0 = Debug|Any CPU
		{4EBE00AF-A353-472F-AD13-BDECCCEE2CE6}.Release|Any CPU.ActiveCfg = Release|Any CPU
		{4EBE00AF-A353-472F-AD13-BDECCCEE2CE6}.Release|Any CPU.Build.0 = Release|Any CPU
	EndGlobalSection
	GlobalSection(SolutionProperties) = preSolution
		HideSolutionNode = FALSE
	EndGlobalSection
	GlobalSection(ExtensibilityGlobals) = postSolution
		SolutionGuid = {B6B11CB1-D8E3-446C-8DE5-DB76B6C3117E}
	EndGlobalSection
EndGlobal
